
Microsoft Visual Studio Solution File, Format Version 12.00
# Visual Studio 2013
VisualStudioVersion = 12.0.21005.1
MinimumVisualStudioVersion = 10.0.40219.1
Project("{FAE04EC0-301F-11D3-BF4B-00C04F79EFBC}") = "C4_TLB3_CommonDialog", "BTTuLam_2\C4_TLB3_CommonDialog.csproj", "{38881E20-7431-4A9F-AA89-8D735748E337}"
EndProject
Global
	GlobalSection(SolutionConfigurationPlatforms) = preSolution
		Debug|x86 = Debug|x86
		Release|x86 = Release|x86
	EndGlobalSection
	GlobalSection(ProjectConfigurationPlatforms) = postSolution
		{38881E20-7431-4A9F-AA89-8D735748E337}.Debug|x86.ActiveCfg = Debug|x86
		{38881E20-7431-4A9F-AA89-8D735748E337}.Debug|x86.Build.0 = Debug|x86
		{38881E20-7431-4A9F-AA89-8D735748E337}.Release|x86.ActiveCfg = Release|x86
		{38881E20-7431-4A9F-AA89-8D735748E337}.Release|x86.Build.0 = Release|x86
	EndGlobalSection
	GlobalSection(SolutionProperties) = preSolution
		HideSolutionNode = FALSE
	EndGlobalSection
EndGlobal
